
Microsoft Visual Studio Solution File, Format Version 12.00
# Visual Studio 15
VisualStudioVersion = 15.0.27703.2018
MinimumVisualStudioVersion = 10.0.40219.1
Project("{FAE04EC0-301F-11D3-BF4B-00C04F79EFBC}") = "BitcoinApi.WebApi", "BitcoinApi.WebApi\BitcoinApi.WebApi.csproj", "{7A61225F-03F5-4E2F-A9D5-DA7F2C1DED73}"
EndProject
Project("{FAE04EC0-301F-11D3-BF4B-00C04F79EFBC}") = "BitcoinApi.Business", "BitcoinApi.Business\BitcoinApi.Business.csproj", "{80874FEC-7A92-4D8B-A2C2-EF55E08B3A25}"
EndProject
Project("{2150E333-8FDC-42A3-9474-1A3956D46DE8}") = "SolutionItems", "SolutionItems", "{3FF1F667-D10D-4F63-A88C-14DE136E1578}"
	ProjectSection(SolutionItems) = preProject
		.sql\CreateDatabase.sql = .sql\CreateDatabase.sql
		.\README.md = .\README.md
	EndProjectSection
EndProject
Global
	GlobalSection(SolutionConfigurationPlatforms) = preSolution
		Debug|Any CPU = Debug|Any CPU
		Release|Any CPU = Release|Any CPU
	EndGlobalSection
	GlobalSection(ProjectConfigurationPlatforms) = postSolution
		{7A61225F-03F5-4E2F-A9D5-DA7F2C1DED73}.Debug|Any CPU.ActiveCfg = Debug|Any CPU
		{7A61225F-03F5-4E2F-A9D5-DA7F2C1DED73}.Debug|Any CPU.Build.0 = Debug|Any CPU
		{7A61225F-03F5-4E2F-A9D5-DA7F2C1DED73}.Release|Any CPU.ActiveCfg = Release|Any CPU
		{7A61225F-03F5-4E2F-A9D5-DA7F2C1DED73}.Release|Any CPU.Build.0 = Release|Any CPU
		{80874FEC-7A92-4D8B-A2C2-EF55E08B3A25}.Debug|Any CPU.ActiveCfg = Debug|Any CPU
		{80874FEC-7A92-4D8B-A2C2-EF55E08B3A25}.Debug|Any CPU.Build.0 = Debug|Any CPU
		{80874FEC-7A92-4D8B-A2C2-EF55E08B3A25}.Release|Any CPU.ActiveCfg = Release|Any CPU
		{80874FEC-7A92-4D8B-A2C2-EF55E08B3A25}.Release|Any CPU.Build.0 = Release|Any CPU
	EndGlobalSection
	GlobalSection(SolutionProperties) = preSolution
		HideSolutionNode = FALSE
	EndGlobalSection
	GlobalSection(ExtensibilityGlobals) = postSolution
		SolutionGuid = {506AA171-514C-4EFC-89F4-2B445ED83E94}
	EndGlobalSection
EndGlobal
